
Microsoft Visual Studio Solution File, Format Version 12.00
# Visual Studio Version 16
VisualStudioVersion = 16.0.30523.141
MinimumVisualStudioVersion = 10.0.40219.1
Project("{FAE04EC0-301F-11D3-BF4B-00C04F79EFBC}") = "INCIreader.UWP", "INCIreader\INCIreader.UWP\INCIreader.UWP.csproj", "{182BCB33-8C37-4A4A-821D-FABC0C9C95D8}"
EndProject
Project("{FAE04EC0-301F-11D3-BF4B-00C04F79EFBC}") = "INCIreader.Android", "INCIreader\INCIreader.Android\INCIreader.Android.csproj", "{2D27716F-2C4B-4058-B0D3-CB848E99F199}"
EndProject
Project("{FAE04EC0-301F-11D3-BF4B-00C04F79EFBC}") = "INCIreader.iOS", "INCIreader\INCIreader.iOS\INCIreader.iOS.csproj", "{4F89DB39-1C9D-49D1-A072-637933A8725B}"
EndProject
Project("{FAE04EC0-301F-11D3-BF4B-00C04F79EFBC}") = "INCIreader", "INCIreader\INCIreader\INCIreader.csproj", "{D4E66444-F926-425A-965D-87BEC824C5BC}"
EndProject
Global
	GlobalSection(SolutionConfigurationPlatforms) = preSolution
		Debug|Any CPU = Debug|Any CPU
		Debug|ARM = Debug|ARM
		Debug|iPhone = Debug|iPhone
		Debug|iPhoneSimulator = Debug|iPhoneSimulator
		Debug|x64 = Debug|x64
		Debug|x86 = Debug|x86
		Release|Any CPU = Release|Any CPU
		Release|ARM = Release|ARM
		Release|iPhone = Release|iPhone
		Release|iPhoneSimulator = Release|iPhoneSimulator
		Release|x64 = Release|x64
		Release|x86 = Release|x86
	EndGlobalSection
	GlobalSection(ProjectConfigurationPlatforms) = postSolution
		{182BCB33-8C37-4A4A-821D-FABC0C9C95D8}.Debug|Any CPU.ActiveCfg = Debug|x86
		{182BCB33-8C37-4A4A-821D-FABC0C9C95D8}.Debug|Any CPU.Build.0 = Debug|x86
		{182BCB33-8C37-4A4A-821D-FABC0C9C95D8}.Debug|Any CPU.Deploy.0 = Debug|x86
		{182BCB33-8C37-4A4A-821D-FABC0C9C95D8}.Debug|ARM.ActiveCfg = Debug|ARM
		{182BCB33-8C37-4A4A-821D-FABC0C9C95D8}.Debug|ARM.Build.0 = Debug|ARM
		{182BCB33-8C37-4A4A-821D-FABC0C9C95D8}.Debug|ARM.Deploy.0 = Debug|ARM
		{182BCB33-8C37-4A4A-821D-FABC0C9C95D8}.Debug|iPhone.ActiveCfg = Debug|x86
		{182BCB33-8C37-4A4A-821D-FABC0C9C95D8}.Debug|iPhone.Build.0 = Debug|x86
		{182BCB33-8C37-4A4A-821D-FABC0C9C95D8}.Debug|iPhone.Deploy.0 = Debug|x86
		{182BCB33-8C37-4A4A-821D-FABC0C9C95D8}.Debug|iPhoneSimulator.ActiveCfg = Debug|x86
		{182BCB33-8C37-4A4A-821D-FABC0C9C95D8}.Debug|iPhoneSimulator.Build.0 = Debug|x86
		{182BCB33-8C37-4A4A-821D-FABC0C9C95D8}.Debug|iPhoneSimulator.Deploy.0 = Debug|x86
		{182BCB33-8C37-4A4A-821D-FABC0C9C95D8}.Debug|x64.ActiveCfg = Debug|x64
		{182BCB33-8C37-4A4A-821D-FABC0C9C95D8}.Debug|x64.Build.0 = Debug|x64
		{182BCB33-8C37-4A4A-821D-FABC0C9C95D8}.Debug|x64.Deploy.0 = Debug|x64
		{182BCB33-8C37-4A4A-821D-FABC0C9C95D8}.Debug|x86.ActiveCfg = Debug|x86
		{182BCB33-8C37-4A4A-821D-FABC0C9C95D8}.Debug|x86.Build.0 = Debug|x86
		{182BCB33-8C37-4A4A-821D-FABC0C9C95D8}.Debug|x86.Deploy.0 = Debug|x86
		{182BCB33-8C37-4A4A-821D-FABC0C9C95D8}.Release|Any CPU.ActiveCfg = Release|x86
		{182BCB33-8C37-4A4A-821D-FABC0C9C95D8}.Release|Any CPU.Build.0 = Release|x86
		{182BCB33-8C37-4A4A-821D-FABC0C9C95D8}.Release|Any CPU.Deploy.0 = Release|x86
		{182BCB33-8C37-4A4A-821D-FABC0C9C95D8}.Release|ARM.ActiveCfg = Release|ARM
		{182BCB33-8C37-4A4A-821D-FABC0C9C95D8}.Release|ARM.Build.0 = Release|ARM
		{182BCB33-8C37-4A4A-821D-FABC0C9C95D8}.Release|ARM.Deploy.0 = Release|ARM
		{182BCB33-8C37-4A4A-821D-FABC0C9C95D8}.Release|iPhone.ActiveCfg = Release|x86
		{182BCB33-8C37-4A4A-821D-FABC0C9C95D8}.Release|iPhone.Build.0 = Release|x86
		{182BCB33-8C37-4A4A-821D-FABC0C9C95D8}.Release|iPhone.Deploy.0 = Release|x86
		{182BCB33-8C37-4A4A-821D-FABC0C9C95D8}.Release|iPhoneSimulator.ActiveCfg = Release|x86
		{182BCB33-8C37-4A4A-821D-FABC0C9C95D8}.Release|iPhoneSimulator.Build.0 = Release|x86
		{182BCB33-8C37-4A4A-821D-FABC0C9C95D8}.Release|iPhoneSimulator.Deploy.0 = Release|x86
		{182BCB33-8C37-4A4A-821D-FABC0C9C95D8}.Release|x64.ActiveCfg = Release|x64
		{182BCB33-8C37-4A4A-821D-FABC0C9C95D8}.Release|x64.Build.0 = Release|x64
		{182BCB33-8C37-4A4A-821D-FABC0C9C95D8}.Release|x64.Deploy.0 = Release|x64
		{182BCB33-8C37-4A4A-821D-FABC0C9C95D8}.Release|x86.ActiveCfg = Release|x86
		{182BCB33-8C37-4A4A-821D-FABC0C9C95D8}.Release|x86.Build.0 = Release|x86
		{182BCB33-8C37-4A4A-821D-FABC0C9C95D8}.Release|x86.Deploy.0 = Release|x86
		{2D27716F-2C4B-4058-B0D3-CB848E99F199}.Debug|Any CPU.ActiveCfg = Debug|Any CPU
		{2D27716F-2C4B-4058-B0D3-CB848E99F199}.Debug|Any CPU.Build.0 = Debug|Any CPU
		{2D27716F-2C4B-4058-B0D3-CB848E99F199}.Debug|Any CPU.Deploy.0 = Debug|Any CPU
		{2D27716F-2C4B-4058-B0D3-CB848E99F199}.Debug|ARM.ActiveCfg = Debug|Any CPU
		{2D27716F-2C4B-4058-B0D3-CB848E99F199}.Debug|ARM.Build.0 = Debug|Any CPU
		{2D27716F-2C4B-4058-B0D3-CB848E99F199}.Debug|ARM.Deploy.0 = Debug|Any CPU
		{2D27716F-2C4B-4058-B0D3-CB848E99F199}.Debug|iPhone.ActiveCfg = Debug|Any CPU
		{2D27716F-2C4B-4058-B0D3-CB848E99F199}.Debug|iPhone.Build.0 = Debug|Any CPU
		{2D27716F-2C4B-4058-B0D3-CB848E99F199}.Debug|iPhone.Deploy.0 = Debug|Any CPU
		{2D27716F-2C4B-4058-B0D3-CB848E99F199}.Debug|iPhoneSimulator.ActiveCfg = Debug|Any CPU
		{2D27716F-2C4B-4058-B0D3-CB848E99F199}.Debug|iPhoneSimulator.Build.0 = Debug|Any CPU
		{2D27716F-2C4B-4058-B0D3-CB848E99F199}.Debug|iPhoneSimulator.Deploy.0 = Debug|Any CPU
		{2D27716F-2C4B-4058-B0D3-CB848E99F199}.Debug|x64.ActiveCfg = Debug|Any CPU
		{2D27716F-2C4B-4058-B0D3-CB848E99F199}.Debug|x64.Build.0 = Debug|Any CPU
		{2D27716F-2C4B-4058-B0D3-CB848E99F199}.Debug|x64.Deploy.0 = Debug|Any CPU
		{2D27716F-2C4B-4058-B0D3-CB848E99F199}.Debug|x86.ActiveCfg = Debug|Any CPU
		{2D27716F-2C4B-4058-B0D3-CB848E99F199}.Debug|x86.Build.0 = Debug|Any CPU
		{2D27716F-2C4B-4058-B0D3-CB848E99F199}.Debug|x86.Deploy.0 = Debug|Any CPU
		{2D27716F-2C4B-4058-B0D3-CB848E99F199}.Release|Any CPU.ActiveCfg = Release|Any CPU
		{2D27716F-2C4B-4058-B0D3-CB848E99F199}.Release|Any CPU.Build.0 = Release|Any CPU
		{2D27716F-2C4B-4058-B0D3-CB848E99F199}.Release|Any CPU.Deploy.0 = Release|Any CPU
		{2D27716F-2C4B-4058-B0D3-CB848E99F199}.Release|ARM.ActiveCfg = Release|Any CPU
		{2D27716F-2C4B-4058-B0D3-CB848E99F199}.Release|ARM.Build.0 = Release|Any CPU
		{2D27716F-2C4B-4058-B0D3-CB848E99F199}.Release|ARM.Deploy.0 = Release|Any CPU
		{2D27716F-2C4B-4058-B0D3-CB848E99F199}.Release|iPhone.ActiveCfg = Release|Any CPU
		{2D27716F-2C4B-4058-B0D3-CB848E99F199}.Release|iPhone.Build.0 = Release|Any CPU
		{2D27716F-2C4B-4058-B0D3-CB848E99F199}.Release|iPhone.Deploy.0 = Release|Any CPU
		{2D27716F-2C4B-4058-B0D3-CB848E99F199}.Release|iPhoneSimulator.ActiveCfg = Release|Any CPU
		{2D27716F-2C4B-4058-B0D3-CB848E99F199}.Release|iPhoneSimulator.Build.0 = Release|Any CPU
		{2D27716F-2C4B-4058-B0D3-CB848E99F199}.Release|iPhoneSimulator.Deploy.0 = Release|Any CPU
		{2D27716F-2C4B-4058-B0D3-CB848E99F199}.Release|x64.ActiveCfg = Release|Any CPU
		{2D27716F-2C4B-4058-B0D3-CB848E99F199}.Release|x64.Build.0 = Release|Any CPU
		{2D27716F-2C4B-4058-B0D3-CB848E99F199}.Release|x64.Deploy.0 = Release|Any CPU
		{2D27716F-2C4B-4058-B0D3-CB848E99F199}.Release|x86.ActiveCfg = Release|Any CPU
		{2D27716F-2C4B-4058-B0D3-CB848E99F199}.Release|x86.Build.0 = Release|Any CPU
		{2D27716F-2C4B-4058-B0D3-CB848E99F199}.Release|x86.Deploy.0 = Release|Any CPU
		{4F89DB39-1C9D-49D1-A072-637933A8725B}.Debug|Any CPU.ActiveCfg = Debug|iPhoneSimulator
		{4F89DB39-1C9D-49D1-A072-637933A8725B}.Debug|Any CPU.Build.0 = Debug|iPhoneSimulator
		{4F89DB39-1C9D-49D1-A072-637933A8725B}.Debug|Any CPU.Deploy.0 = Debug|iPhoneSimulator
		{4F89DB39-1C9D-49D1-A072-637933A8725B}.Debug|ARM.ActiveCfg = Debug|iPhone
		{4F89DB39-1C9D-49D1-A072-637933A8725B}.Debug|ARM.Build.0 = Debug|iPhone
		{4F89DB39-1C9D-49D1-A072-637933A8725B}.Debug|ARM.Deploy.0 = Debug|iPhone
		{4F89DB39-1C9D-49D1-A072-637933A8725B}.Debug|iPhone.ActiveCfg = Debug|iPhone
		{4F89DB39-1C9D-49D1-A072-637933A8725B}.Debug|iPhone.Build.0 = Debug|iPhone
		{4F89DB39-1C9D-49D1-A072-637933A8725B}.Debug|iPhone.Deploy.0 = Debug|iPhone
		{4F89DB39-1C9D-49D1-A072-637933A8725B}.Debug|iPhoneSimulator.ActiveCfg = Debug|iPhoneSimulator
		{4F89DB39-1C9D-49D1-A072-637933A8725B}.Debug|iPhoneSimulator.Build.0 = Debug|iPhoneSimulator
		{4F89DB39-1C9D-49D1-A072-637933A8725B}.Debug|iPhoneSimulator.Deploy.0 = Debug|iPhoneSimulator
		{4F89DB39-1C9D-49D1-A072-637933A8725B}.Debug|x64.ActiveCfg = Debug|iPhoneSimulator
		{4F89DB39-1C9D-49D1-A072-637933A8725B}.Debug|x64.Build.0 = Debug|iPhoneSimulator
		{4F89DB39-1C9D-49D1-A072-637933A8725B}.Debug|x64.Deploy.0 = Debug|iPhoneSimulator
		{4F89DB39-1C9D-49D1-A072-637933A8725B}.Debug|x86.ActiveCfg = Debug|iPhoneSimulator
		{4F89DB39-1C9D-49D1-A072-637933A8725B}.Debug|x86.Build.0 = Debug|iPhoneSimulator
		{4F89DB39-1C9D-49D1-A072-637933A8725B}.Debug|x86.Deploy.0 = Debug|iPhoneSimulator
		{4F89DB39-1C9D-49D1-A072-637933A8725B}.Release|Any CPU.ActiveCfg = Release|iPhoneSimulator
		{4F89DB39-1C9D-49D1-A072-637933A8725B}.Release|Any CPU.Build.0 = Release|iPhoneSimulator
		{4F89DB39-1C9D-49D1-A072-637933A8725B}.Release|Any CPU.Deploy.0 = Release|iPhoneSimulator
		{4F89DB39-1C9D-49D1-A072-637933A8725B}.Release|ARM.ActiveCfg = Release|iPhoneSimulator
		{4F89DB39-1C9D-49D1-A072-637933A8725B}.Release|ARM.Build.0 = Release|iPhoneSimulator
		{4F89DB39-1C9D-49D1-A072-637933A8725B}.Release|ARM.Deploy.0 = Release|iPhoneSimulator
		{4F89DB39-1C9D-49D1-A072-637933A8725B}.Release|iPhone.ActiveCfg = Release|iPhone
		{4F89DB39-1C9D-49D1-A072-637933A8725B}.Release|iPhone.Build.0 = Release|iPhone
		{4F89DB39-1C9D-49D1-A072-637933A8725B}.Release|iPhone.Deploy.0 = Release|iPhone
		{4F89DB39-1C9D-49D1-A072-637933A8725B}.Release|iPhoneSimulator.ActiveCfg = Release|iPhoneSimulator
		{4F89DB39-1C9D-49D1-A072-637933A8725B}.Release|iPhoneSimulator.Build.0 = Release|iPhoneSimulator
		{4F89DB39-1C9D-49D1-A072-637933A8725B}.Release|iPhoneSimulator.Deploy.0 = Release|iPhoneSimulator
		{4F89DB39-1C9D-49D1-A072-637933A8725B}.Release|x64.ActiveCfg = Release|iPhoneSimulator
		{4F89DB39-1C9D-49D1-A072-637933A8725B}.Release|x64.Build.0 = Release|iPhoneSimulator
		{4F89DB39-1C9D-49D1-A072-637933A8725B}.Release|x64.Deploy.0 = Release|iPhoneSimulator
		{4F89DB39-1C9D-49D1-A072-637933A8725B}.Release|x86.ActiveCfg = Release|iPhoneSimulator
		{4F89DB39-1C9D-49D1-A072-637933A8725B}.Release|x86.Build.0 = Release|iPhoneSimulator
		{4F89DB39-1C9D-49D1-A072-637933A8725B}.Release|x86.Deploy.0 = Release|iPhoneSimulator
		{D4E66444-F926-425A-965D-87BEC824C5BC}.Debug|Any CPU.ActiveCfg = Debug|Any CPU
		{D4E66444-F926-425A-965D-87BEC824C5BC}.Debug|Any CPU.Build.0 = Debug|Any CPU
		{D4E66444-F926-425A-965D-87BEC824C5BC}.Debug|Any CPU.Deploy.0 = Debug|Any CPU
		{D4E66444-F926-425A-965D-87BEC824C5BC}.Debug|ARM.ActiveCfg = Debug|Any CPU
		{D4E66444-F926-425A-965D-87BEC824C5BC}.Debug|ARM.Build.0 = Debug|Any CPU
		{D4E66444-F926-425A-965D-87BEC824C5BC}.Debug|ARM.Deploy.0 = Debug|Any CPU
		{D4E66444-F926-425A-965D-87BEC824C5BC}.Debug|iPhone.ActiveCfg = Debug|Any CPU
		{D4E66444-F926-425A-965D-87BEC824C5BC}.Debug|iPhone.Build.0 = Debug|Any CPU
		{D4E66444-F926-425A-965D-87BEC824C5BC}.Debug|iPhone.Deploy.0 = Debug|Any CPU
		{D4E66444-F926-425A-965D-87BEC824C5BC}.Debug|iPhoneSimulator.ActiveCfg = Debug|Any CPU
		{D4E66444-F926-425A-965D-87BEC824C5BC}.Debug|iPhoneSimulator.Build.0 = Debug|Any CPU
		{D4E66444-F926-425A-965D-87BEC824C5BC}.Debug|iPhoneSimulator.Deploy.0 = Debug|Any CPU
		{D4E66444-F926-425A-965D-87BEC824C5BC}.Debug|x64.ActiveCfg = Debug|Any CPU
		{D4E66444-F926-425A-965D-87BEC824C5BC}.Debug|x64.Build.0 = Debug|Any CPU
		{D4E66444-F926-425A-965D-87BEC824C5BC}.Debug|x64.Deploy.0 = Debug|Any CPU
		{D4E66444-F926-425A-965D-87BEC824C5BC}.Debug|x86.ActiveCfg = Debug|Any CPU
		{D4E66444-F926-425A-965D-87BEC824C5BC}.Debug|x86.Build.0 = Debug|Any CPU
		{D4E66444-F926-425A-965D-87BEC824C5BC}.Debug|x86.Deploy.0 = Debug|Any CPU
		{D4E66444-F926-425A-965D-87BEC824C5BC}.Release|Any CPU.ActiveCfg = Release|Any CPU
		{D4E66444-F926-425A-965D-87BEC824C5BC}.Release|Any CPU.Build.0 = Release|Any CPU
		{D4E66444-F926-425A-965D-87BEC824C5BC}.Release|Any CPU.Deploy.0 = Release|Any CPU
		{D4E66444-F926-425A-965D-87BEC824C5BC}.Release|ARM.ActiveCfg = Release|Any CPU
		{D4E66444-F926-425A-965D-87BEC824C5BC}.Release|ARM.Build.0 = Release|Any CPU
		{D4E66444-F926-425A-965D-87BEC824C5BC}.Release|ARM.Deploy.0 = Release|Any CPU
		{D4E66444-F926-425A-965D-87BEC824C5BC}.Release|iPhone.ActiveCfg = Release|Any CPU
		{D4E66444-F926-425A-965D-87BEC824C5BC}.Release|iPhone.Build.0 = Release|Any CPU
		{D4E66444-F926-425A-965D-87BEC824C5BC}.Release|iPhone.Deploy.0 = Release|Any CPU
		{D4E66444-F926-425A-965D-87BEC824C5BC}.Release|iPhoneSimulator.ActiveCfg = Release|Any CPU
		{D4E66444-F926-425A-965D-87BEC824C5BC}.Release|iPhoneSimulator.Build.0 = Release|Any CPU
		{D4E66444-F926-425A-965D-87BEC824C5BC}.Release|iPhoneSimulator.Deploy.0 = Release|Any CPU
		{D4E66444-F926-425A-965D-87BEC824C5BC}.Release|x64.ActiveCfg = Release|Any CPU
		{D4E66444-F926-425A-965D-87BEC824C5BC}.Release|x64.Build.0 = Release|Any CPU
		{D4E66444-F926-425A-965D-87BEC824C5BC}.Release|x64.Deploy.0 = Release|Any CPU
		{D4E66444-F926-425A-965D-87BEC824C5BC}.Release|x86.ActiveCfg = Release|Any CPU
		{D4E66444-F926-425A-965D-87BEC824C5BC}.Release|x86.Build.0 = Release|Any CPU
		{D4E66444-F926-425A-965D-87BEC824C5BC}.Release|x86.Deploy.0 = Release|Any CPU
	EndGlobalSection
	GlobalSection(SolutionProperties) = preSolution
		HideSolutionNode = FALSE
	EndGlobalSection
	GlobalSection(ExtensibilityGlobals) = postSolution
		SolutionGuid = {ED215A11-CFCD-4133-8B16-950C0E084E5C}
	EndGlobalSection
EndGlobal
